{
  "name": "fitledger-starter",
  "version": "0.1.0",
  "lockfileVersion": 3,
  "requires": true,
  "packages": {
    "": {
      "name": "fitledger-starter",
      "version": "0.1.0",
      "dependencies": {
        "@raindb/agent": "file:../raindb-agent-ts",
        "@raindb/bolt-sdk": "file:../raindb-bolt-sdk-ts"
      },
      "devDependencies": {
        "@types/node": "^20.17.0",
        "esbuild": "^0.24.0",
        "typescript": "^5.7.2"
      },
      "engines": {
        "node": ">=20"
      }
    },
    "../raindb-agent-ts": {
      "name": "@raindb/agent",
      "version": "0.7.0",
      "dependencies": {
        "openai": "^6.36.0"
      },
      "devDependencies": {
        "@types/node": "^20.17.0",
        "tsx": "^4.19.0",
        "typescript": "^5.6.0"
      },
      "engines": {
        "node": ">=20"
      }
    },
    "../raindb-bolt-sdk-ts": {
      "name": "@raindb/bolt-sdk",
      "version": "0.7.0",
      "devDependencies": {
        "@types/node": "^20.17.0",
        "tsx": "^4.19.0",
        "typescript": "^5.6.0"
      },
      "engines": {
        "node": ">=20"
      },
      "peerDependencies": {
        "@raindb/agent": "^0.7.0"
      },
      "peerDependenciesMeta": {
        "@raindb/agent": {
          "optional": true
        }
      }
    },
    "node_modules/@esbuild/linux-x64": {
      "version": "0.24.2",
      "cpu": [
        "x64"
      ],
      "dev": true,
      "license": "MIT",
      "optional": true,
      "os": [
        "linux"
      ],
      "engines": {
        "node": ">=18"
      }
    },
    "node_modules/@raindb/agent": {
      "resolved": "../raindb-agent-ts",
      "link": true
    },
    "node_modules/@raindb/bolt-sdk": {
      "resolved": "../raindb-bolt-sdk-ts",
      "link": true
    },
    "node_modules/@types/node": {
      "version": "20.19.43",
      "dev": true,
      "license": "MIT",
      "dependencies": {
        "undici-types": "~6.21.0"
      }
    },
    "node_modules/esbuild": {
      "version": "0.24.2",
      "dev": true,
      "hasInstallScript": true,
      "license": "MIT",
      "bin": {
        "esbuild": "bin/esbuild"
      },
      "engines": {
        "node": ">=18"
      },
      "optionalDependencies": {
        "@esbuild/aix-ppc64": "0.24.2",
        "@esbuild/android-arm": "0.24.2",
        "@esbuild/android-arm64": "0.24.2",
        "@esbuild/android-x64": "0.24.2",
        "@esbuild/darwin-arm64": "0.24.2",
        "@esbuild/darwin-x64": "0.24.2",
        "@esbuild/freebsd-arm64": "0.24.2",
        "@esbuild/freebsd-x64": "0.24.2",
        "@esbuild/linux-arm": "0.24.2",
        "@esbuild/linux-arm64": "0.24.2",
        "@esbuild/linux-ia32": "0.24.2",
        "@esbuild/linux-loong64": "0.24.2",
        "@esbuild/linux-mips64el": "0.24.2",
        "@esbuild/linux-ppc64": "0.24.2",
        "@esbuild/linux-riscv64": "0.24.2",
        "@esbuild/linux-s390x": "0.24.2",
        "@esbuild/linux-x64": "0.24.2",
        "@esbuild/netbsd-arm64": "0.24.2",
        "@esbuild/netbsd-x64": "0.24.2",
        "@esbuild/openbsd-arm64": "0.24.2",
        "@esbuild/openbsd-x64": "0.24.2",
        "@esbuild/sunos-x64": "0.24.2",
        "@esbuild/win32-arm64": "0.24.2",
        "@esbuild/win32-ia32": "0.24.2",
        "@esbuild/win32-x64": "0.24.2"
      }
    },
    "node_modules/typescript": {
      "version": "5.9.3",
      "dev": true,
      "license": "Apache-2.0",
      "bin": {
        "tsc": "bin/tsc",
        "tsserver": "bin/tsserver"
      },
      "engines": {
        "node": ">=14.17"
      }
    },
    "node_modules/undici-types": {
      "version": "6.21.0",
      "dev": true,
      "license": "MIT"
    }
  }
}
